
Microsoft Visual Studio Solution File, Format Version 12.00
# Visual Studio Version 17
VisualStudioVersion = 17.4.33103.184
MinimumVisualStudioVersion = 10.0.40219.1
Project("{9A19103F-16F7-4668-BE54-9A1E7A4F7556}") = "RabbitStudies.Consumers", "src\RabbitStudies.Consumers\RabbitStudies.Consumers.csproj", "{FA17AC66-3D63-44E4-909D-5E0952A3AEC6}"
EndProject
Project("{9A19103F-16F7-4668-BE54-9A1E7A4F7556}") = "RabbitStudies.RabbitMq", "src\RabbitStudies.RabbitMq\RabbitStudies.RabbitMq.csproj", "{F70C9898-5DE4-4AE2-A0E2-342F6E3EBCF0}"
EndProject
Project("{9A19103F-16F7-4668-BE54-9A1E7A4F7556}") = "RabbitStudies.Contracts", "src\RabbitStudies.Contracts\RabbitStudies.Contracts.csproj", "{66E7AAB3-ACBB-4C99-BF9B-76849D043BCD}"
EndProject
Project("{2150E333-8FDC-42A3-9474-1A3956D46DE8}") = "Core", "Core", "{3E6513CF-67C1-4233-994F-92F24AD5D802}"
EndProject
Project("{FAE04EC0-301F-11D3-BF4B-00C04F79EFBC}") = "RabbitStudies.Producer", "src\RabbitStudies.Producer\RabbitStudies.Producer.csproj", "{C0D4C73F-101B-428B-B470-B3B28C9E3176}"
EndProject
Global
	GlobalSection(SolutionConfigurationPlatforms) = preSolution
		Debug|Any CPU = Debug|Any CPU
		Release|Any CPU = Release|Any CPU
	EndGlobalSection
	GlobalSection(ProjectConfigurationPlatforms) = postSolution
		{FA17AC66-3D63-44E4-909D-5E0952A3AEC6}.Debug|Any CPU.ActiveCfg = Debug|Any CPU
		{FA17AC66-3D63-44E4-909D-5E0952A3AEC6}.Debug|Any CPU.Build.0 = Debug|Any CPU
		{FA17AC66-3D63-44E4-909D-5E0952A3AEC6}.Release|Any CPU.ActiveCfg = Release|Any CPU
		{FA17AC66-3D63-44E4-909D-5E0952A3AEC6}.Release|Any CPU.Build.0 = Release|Any CPU
		{F70C9898-5DE4-4AE2-A0E2-342F6E3EBCF0}.Debug|Any CPU.ActiveCfg = Debug|Any CPU
		{F70C9898-5DE4-4AE2-A0E2-342F6E3EBCF0}.Debug|Any CPU.Build.0 = Debug|Any CPU
		{F70C9898-5DE4-4AE2-A0E2-342F6E3EBCF0}.Release|Any CPU.ActiveCfg = Release|Any CPU
		{F70C9898-5DE4-4AE2-A0E2-342F6E3EBCF0}.Release|Any CPU.Build.0 = Release|Any CPU
		{66E7AAB3-ACBB-4C99-BF9B-76849D043BCD}.Debug|Any CPU.ActiveCfg = Debug|Any CPU
		{66E7AAB3-ACBB-4C99-BF9B-76849D043BCD}.Debug|Any CPU.Build.0 = Debug|Any CPU
		{66E7AAB3-ACBB-4C99-BF9B-76849D043BCD}.Release|Any CPU.ActiveCfg = Release|Any CPU
		{66E7AAB3-ACBB-4C99-BF9B-76849D043BCD}.Release|Any CPU.Build.0 = Release|Any CPU
		{C0D4C73F-101B-428B-B470-B3B28C9E3176}.Debug|Any CPU.ActiveCfg = Debug|Any CPU
		{C0D4C73F-101B-428B-B470-B3B28C9E3176}.Debug|Any CPU.Build.0 = Debug|Any CPU
		{C0D4C73F-101B-428B-B470-B3B28C9E3176}.Release|Any CPU.ActiveCfg = Release|Any CPU
		{C0D4C73F-101B-428B-B470-B3B28C9E3176}.Release|Any CPU.Build.0 = Release|Any CPU
	EndGlobalSection
	GlobalSection(SolutionProperties) = preSolution
		HideSolutionNode = FALSE
	EndGlobalSection
	GlobalSection(NestedProjects) = preSolution
		{F70C9898-5DE4-4AE2-A0E2-342F6E3EBCF0} = {3E6513CF-67C1-4233-994F-92F24AD5D802}
		{66E7AAB3-ACBB-4C99-BF9B-76849D043BCD} = {3E6513CF-67C1-4233-994F-92F24AD5D802}
	EndGlobalSection
	GlobalSection(ExtensibilityGlobals) = postSolution
		SolutionGuid = {5F711424-D2F4-4097-8A73-55E30A8E28FB}
	EndGlobalSection
EndGlobal
